
Microsoft Visual Studio Solution File, Format Version 12.00
# Visual Studio Version 16
VisualStudioVersion = 16.0.31515.178
MinimumVisualStudioVersion = 10.0.40219.1
Project("{FAE04EC0-301F-11D3-BF4B-00C04F79EFBC}") = "SalesWebMVC", "SalesWebMVC.csproj", "{AC409CC5-671B-46F6-892D-B28B49E7DE50}"
EndProject
Global
	GlobalSection(SolutionConfigurationPlatforms) = preSolution
		Debug|Any CPU = Debug|Any CPU
		Release|Any CPU = Release|Any CPU
	EndGlobalSection
	GlobalSection(ProjectConfigurationPlatforms) = postSolution
		{AC409CC5-671B-46F6-892D-B28B49E7DE50}.Debug|Any CPU.ActiveCfg = Debug|Any CPU
		{AC409CC5-671B-46F6-892D-B28B49E7DE50}.Debug|Any CPU.Build.0 = Debug|Any CPU
		{AC409CC5-671B-46F6-892D-B28B49E7DE50}.Release|Any CPU.ActiveCfg = Release|Any CPU
		{AC409CC5-671B-46F6-892D-B28B49E7DE50}.Release|Any CPU.Build.0 = Release|Any CPU
	EndGlobalSection
	GlobalSection(SolutionProperties) = preSolution
		HideSolutionNode = FALSE
	EndGlobalSection
	GlobalSection(ExtensibilityGlobals) = postSolution
		SolutionGuid = {BDAF1DF0-BE8A-42EF-B016-55A3ADA06835}
	EndGlobalSection
EndGlobal
